// !$*UTF8*$!
{
	archiveVersion = 1;
	classes = {
	};
	objectVersion = 77;
	objects = {

/* Begin PBXBuildFile section */
		6038A8412E0C237500C3B1FF /* Notifications_SettingsVC.swift in Sources */ = {isa = PBXBuildFile; fileRef = 6038A8402E0C237500C3B1FF /* Notifications_SettingsVC.swift */; };
		60AAE9082E0BAEEC00DE3C07 /* Business_CategoriesVC.swift in Sources */ = {isa = PBXBuildFile; fileRef = 60AAE9072E0BAEEC00DE3C07 /* Business_CategoriesVC.swift */; };
		60AAE90A2E0BB29400DE3C07 /* Booking_PolicyVC.swift in Sources */ = {isa = PBXBuildFile; fileRef = 60AAE9092E0BB29400DE3C07 /* Booking_PolicyVC.swift */; };
		60AAE90C2E0BB7BF00DE3C07 /* Slot_DurationVC.swift in Sources */ = {isa = PBXBuildFile; fileRef = 60AAE90B2E0BB7BF00DE3C07 /* Slot_DurationVC.swift */; };
		60AAE90E2E0BF4E900DE3C07 /* Booking_ReminderVC.swift in Sources */ = {isa = PBXBuildFile; fileRef = 60AAE90D2E0BF4E900DE3C07 /* Booking_ReminderVC.swift */; };
		60B9CA742E0A888E00CC1409 /* ACFloatingTextfield.swift in Sources */ = {isa = PBXBuildFile; fileRef = 60B9CA1A2E0A888E00CC1409 /* ACFloatingTextfield.swift */; };
		60B9CA752E0A888E00CC1409 /* Animations.swift in Sources */ = {isa = PBXBuildFile; fileRef = 60B9CA1B2E0A888E00CC1409 /* Animations.swift */; };
		60B9CA762E0A888E00CC1409 /* Animator.swift in Sources */ = {isa = PBXBuildFile; fileRef = 60B9CA1C2E0A888E00CC1409 /* Animator.swift */; };
		60B9CA772E0A888E00CC1409 /* APIService .swift in Sources */ = {isa = PBXBuildFile; fileRef = 60B9CA1D2E0A888E00CC1409 /* APIService .swift */; };
		60B9CA782E0A888E00CC1409 /* CalenderView.swift in Sources */ = {isa = PBXBuildFile; fileRef = 60B9CA1E2E0A888E00CC1409 /* CalenderView.swift */; };
		60B9CA792E0A888E00CC1409 /* CardView.swift in Sources */ = {isa = PBXBuildFile; fileRef = 60B9CA1F2E0A888E00CC1409 /* CardView.swift */; };
		60B9CA7A2E0A888E00CC1409 /* DeviceId.m in Sources */ = {isa = PBXBuildFile; fileRef = 60B9CA212E0A888E00CC1409 /* DeviceId.m */; };
		60B9CA7B2E0A888E00CC1409 /* Extension.swift in Sources */ = {isa = PBXBuildFile; fileRef = 60B9CA222E0A888E00CC1409 /* Extension.swift */; };
		60B9CA7C2E0A888E00CC1409 /* global.swift in Sources */ = {isa = PBXBuildFile; fileRef = 60B9CA232E0A888E00CC1409 /* global.swift */; };
		60B9CA7D2E0A888E00CC1409 /* LocalData.swift in Sources */ = {isa = PBXBuildFile; fileRef = 60B9CA242E0A888E00CC1409 /* LocalData.swift */; };
		60B9CA7E2E0A888E00CC1409 /* MBProgressHUD.m in Sources */ = {isa = PBXBuildFile; fileRef = 60B9CA262E0A888E00CC1409 /* MBProgressHUD.m */; };
		60B9CA7F2E0A888E00CC1409 /* MonthView.swift in Sources */ = {isa = PBXBuildFile; fileRef = 60B9CA272E0A888E00CC1409 /* MonthView.swift */; };
		60B9CA802E0A888E00CC1409 /* RSBlurAlertController.swift in Sources */ = {isa = PBXBuildFile; fileRef = 60B9CA282E0A888E00CC1409 /* RSBlurAlertController.swift */; };
		60B9CA812E0A888E00CC1409 /* SharedPrefs.swift in Sources */ = {isa = PBXBuildFile; fileRef = 60B9CA2A2E0A888E00CC1409 /* SharedPrefs.swift */; };
		60B9CA822E0A888E00CC1409 /* SquareView.swift in Sources */ = {isa = PBXBuildFile; fileRef = 60B9CA2B2E0A888E00CC1409 /* SquareView.swift */; };
		60B9CA832E0A888E00CC1409 /* TextInputLayout.swift in Sources */ = {isa = PBXBuildFile; fileRef = 60B9CA2C2E0A888E00CC1409 /* TextInputLayout.swift */; };
		60B9CA842E0A888E00CC1409 /* UITableView+Ext.swift in Sources */ = {isa = PBXBuildFile; fileRef = 60B9CA2E2E0A888E00CC1409 /* UITableView+Ext.swift */; };
		60B9CA852E0A888E00CC1409 /* WeekdaysView.swift in Sources */ = {isa = PBXBuildFile; fileRef = 60B9CA2F2E0A888E00CC1409 /* WeekdaysView.swift */; };
		60B9CA862E0A888E00CC1409 /* getBusinessRepo.swift in Sources */ = {isa = PBXBuildFile; fileRef = 60B9CA312E0A888E00CC1409 /* getBusinessRepo.swift */; };
		60B9CA872E0A888E00CC1409 /* ServiceDetailsRepo.swift in Sources */ = {isa = PBXBuildFile; fileRef = 60B9CA322E0A888E00CC1409 /* ServiceDetailsRepo.swift */; };
		60B9CA882E0A888E00CC1409 /* CartCell.swift in Sources */ = {isa = PBXBuildFile; fileRef = 60B9CA342E0A888E00CC1409 /* CartCell.swift */; };
		60B9CA892E0A888E00CC1409 /* CartItemCell.swift in Sources */ = {isa = PBXBuildFile; fileRef = 60B9CA362E0A888E00CC1409 /* CartItemCell.swift */; };
		60B9CA8A2E0A888E00CC1409 /* CategoryCell.swift in Sources */ = {isa = PBXBuildFile; fileRef = 60B9CA382E0A888E00CC1409 /* CategoryCell.swift */; };
		60B9CA8B2E0A888E00CC1409 /* HomeMenuCell.swift in Sources */ = {isa = PBXBuildFile; fileRef = 60B9CA3A2E0A888E00CC1409 /* HomeMenuCell.swift */; };
		60B9CA8C2E0A888E00CC1409 /* ServiceCell.swift in Sources */ = {isa = PBXBuildFile; fileRef = 60B9CA3C2E0A888E00CC1409 /* ServiceCell.swift */; };
		60B9CA8D2E0A888E00CC1409 /* TeamCell.swift in Sources */ = {isa = PBXBuildFile; fileRef = 60B9CA3E2E0A888E00CC1409 /* TeamCell.swift */; };
		60B9CA8E2E0A888E00CC1409 /* TeamHeaderCell.swift in Sources */ = {isa = PBXBuildFile; fileRef = 60B9CA402E0A888E00CC1409 /* TeamHeaderCell.swift */; };
		60B9CA8F2E0A888E00CC1409 /* ServiceCategory.swift in Sources */ = {isa = PBXBuildFile; fileRef = 60B9CA442E0A888E00CC1409 /* ServiceCategory.swift */; };
		60B9CA902E0A888E00CC1409 /* ServiceDetailsModel.swift in Sources */ = {isa = PBXBuildFile; fileRef = 60B9CA452E0A888E00CC1409 /* ServiceDetailsModel.swift */; };
		60B9CA912E0A888E00CC1409 /* ServicesModel.swift in Sources */ = {isa = PBXBuildFile; fileRef = 60B9CA462E0A888E00CC1409 /* ServicesModel.swift */; };
		60B9CA922E0A888E00CC1409 /* StaffResponse.swift in Sources */ = {isa = PBXBuildFile; fileRef = 60B9CA472E0A888E00CC1409 /* StaffResponse.swift */; };
		60B9CA932E0A888E00CC1409 /* BookingVC.swift in Sources */ = {isa = PBXBuildFile; fileRef = 60B9CA4B2E0A888E00CC1409 /* BookingVC.swift */; };
		60B9CA942E0A888E00CC1409 /* ClientsVC.swift in Sources */ = {isa = PBXBuildFile; fileRef = 60B9CA4C2E0A888E00CC1409 /* ClientsVC.swift */; };
		60B9CA952E0A888E00CC1409 /* HomeVC.swift in Sources */ = {isa = PBXBuildFile; fileRef = 60B9CA4D2E0A888E00CC1409 /* HomeVC.swift */; };
		60B9CA962E0A888E00CC1409 /* InventoryVC.swift in Sources */ = {isa = PBXBuildFile; fileRef = 60B9CA4E2E0A888E00CC1409 /* InventoryVC.swift */; };
		60B9CA972E0A888E00CC1409 /* PromotionVC.swift in Sources */ = {isa = PBXBuildFile; fileRef = 60B9CA4F2E0A888E00CC1409 /* PromotionVC.swift */; };
		60B9CA982E0A888E00CC1409 /* ReportVC.swift in Sources */ = {isa = PBXBuildFile; fileRef = 60B9CA502E0A888E00CC1409 /* ReportVC.swift */; };
		60B9CA992E0A888E00CC1409 /* ServicesVC.swift in Sources */ = {isa = PBXBuildFile; fileRef = 60B9CA512E0A888E00CC1409 /* ServicesVC.swift */; };
		60B9CA9A2E0A888E00CC1409 /* TeamVC.swift in Sources */ = {isa = PBXBuildFile; fileRef = 60B9CA522E0A888E00CC1409 /* TeamVC.swift */; };
		60B9CA9B2E0A888E00CC1409 /* UpcomingAppointmentsVC.swift in Sources */ = {isa = PBXBuildFile; fileRef = 60B9CA532E0A888E00CC1409 /* UpcomingAppointmentsVC.swift */; };
		60B9CA9C2E0A888E00CC1409 /* WalkingVC.swift in Sources */ = {isa = PBXBuildFile; fileRef = 60B9CA542E0A888E00CC1409 /* WalkingVC.swift */; };
		60B9CA9D2E0A888E00CC1409 /* LoginRequest.swift in Sources */ = {isa = PBXBuildFile; fileRef = 60B9CA572E0A888E00CC1409 /* LoginRequest.swift */; };
		60B9CA9E2E0A888E00CC1409 /* LoginResponse.swift in Sources */ = {isa = PBXBuildFile; fileRef = 60B9CA592E0A888E00CC1409 /* LoginResponse.swift */; };
		60B9CA9F2E0A888E00CC1409 /* LoginScreen.swift in Sources */ = {isa = PBXBuildFile; fileRef = 60B9CA5E2E0A888E00CC1409 /* LoginScreen.swift */; };
		60B9CAA02E0A888E00CC1409 /* CategoriesCell.swift in Sources */ = {isa = PBXBuildFile; fileRef = 60B9CA612E0A888E00CC1409 /* CategoriesCell.swift */; };
		60B9CAA12E0A888E00CC1409 /* SettingCell.swift in Sources */ = {isa = PBXBuildFile; fileRef = 60B9CA632E0A888E00CC1409 /* SettingCell.swift */; };
		60B9CAA22E0A888E00CC1409 /* ChangePasswordVC.swift in Sources */ = {isa = PBXBuildFile; fileRef = 60B9CA682E0A888E00CC1409 /* ChangePasswordVC.swift */; };
		60B9CAA32E0A888E00CC1409 /* KioskUsersVC.swift in Sources */ = {isa = PBXBuildFile; fileRef = 60B9CA692E0A888E00CC1409 /* KioskUsersVC.swift */; };
		60B9CAA42E0A888E00CC1409 /* ProfileVC.swift in Sources */ = {isa = PBXBuildFile; fileRef = 60B9CA6A2E0A888E00CC1409 /* ProfileVC.swift */; };
		60B9CAA52E0A888E00CC1409 /* AppDelegate.swift in Sources */ = {isa = PBXBuildFile; fileRef = 60B9CA6D2E0A888E00CC1409 /* AppDelegate.swift */; };
		60B9CAA62E0A888E00CC1409 /* SceneDelegate.swift in Sources */ = {isa = PBXBuildFile; fileRef = 60B9CA722E0A888E00CC1409 /* SceneDelegate.swift */; };
		60B9CAA72E0A888E00CC1409 /* lato_bold.ttf in Resources */ = {isa = PBXBuildFile; fileRef = 60B9CA112E0A888E00CC1409 /* lato_bold.ttf */; };
		60B9CAA82E0A888E00CC1409 /* lato_medium.ttf in Resources */ = {isa = PBXBuildFile; fileRef = 60B9CA122E0A888E00CC1409 /* lato_medium.ttf */; };
		60B9CAA92E0A888E00CC1409 /* lato_regular.ttf in Resources */ = {isa = PBXBuildFile; fileRef = 60B9CA132E0A888E00CC1409 /* lato_regular.ttf */; };
		60B9CAAA2E0A888E00CC1409 /* poppins_bold.ttf in Resources */ = {isa = PBXBuildFile; fileRef = 60B9CA142E0A888E00CC1409 /* poppins_bold.ttf */; };
		60B9CAAB2E0A888E00CC1409 /* poppins_light.ttf in Resources */ = {isa = PBXBuildFile; fileRef = 60B9CA152E0A888E00CC1409 /* poppins_light.ttf */; };
		60B9CAAC2E0A888E00CC1409 /* poppins_medium.ttf in Resources */ = {isa = PBXBuildFile; fileRef = 60B9CA162E0A888E00CC1409 /* poppins_medium.ttf */; };
		60B9CAAD2E0A888E00CC1409 /* poppins_regular.ttf in Resources */ = {isa = PBXBuildFile; fileRef = 60B9CA172E0A888E00CC1409 /* poppins_regular.ttf */; };
		60B9CAAE2E0A888E00CC1409 /* poppins_semibold.ttf in Resources */ = {isa = PBXBuildFile; fileRef = 60B9CA182E0A888E00CC1409 /* poppins_semibold.ttf */; };
		60B9CAAF2E0A888E00CC1409 /* RSBlurAlertController.xib in Resources */ = {isa = PBXBuildFile; fileRef = 60B9CA292E0A888E00CC1409 /* RSBlurAlertController.xib */; };
		60B9CAB02E0A888E00CC1409 /* CartCell.xib in Resources */ = {isa = PBXBuildFile; fileRef = 60B9CA352E0A888E00CC1409 /* CartCell.xib */; };
		60B9CAB12E0A888E00CC1409 /* CartItemCell.xib in Resources */ = {isa = PBXBuildFile; fileRef = 60B9CA372E0A888E00CC1409 /* CartItemCell.xib */; };
		60B9CAB22E0A888E00CC1409 /* CategoryCell.xib in Resources */ = {isa = PBXBuildFile; fileRef = 60B9CA392E0A888E00CC1409 /* CategoryCell.xib */; };
		60B9CAB32E0A888E00CC1409 /* HomeMenuCell.xib in Resources */ = {isa = PBXBuildFile; fileRef = 60B9CA3B2E0A888E00CC1409 /* HomeMenuCell.xib */; };
		60B9CAB42E0A888E00CC1409 /* ServiceCell.xib in Resources */ = {isa = PBXBuildFile; fileRef = 60B9CA3D2E0A888E00CC1409 /* ServiceCell.xib */; };
		60B9CAB52E0A888E00CC1409 /* TeamCell.xib in Resources */ = {isa = PBXBuildFile; fileRef = 60B9CA3F2E0A888E00CC1409 /* TeamCell.xib */; };
		60B9CAB62E0A888E00CC1409 /* TeamHeaderCell.xib in Resources */ = {isa = PBXBuildFile; fileRef = 60B9CA412E0A888E00CC1409 /* TeamHeaderCell.xib */; };
		60B9CAB72E0A888E00CC1409 /* TeamHeaderCell copy.xib in Resources */ = {isa = PBXBuildFile; fileRef = 60B9CA422E0A888E00CC1409 /* TeamHeaderCell copy.xib */; };
		60B9CAB82E0A888E00CC1409 /* Home.storyboard in Resources */ = {isa = PBXBuildFile; fileRef = 60B9CA492E0A888E00CC1409 /* Home.storyboard */; };
		60B9CAB92E0A888E00CC1409 /* Main.storyboard in Resources */ = {isa = PBXBuildFile; fileRef = 60B9CA5C2E0A888E00CC1409 /* Main.storyboard */; };
		60B9CABA2E0A888E00CC1409 /* CategoriesCell.xib in Resources */ = {isa = PBXBuildFile; fileRef = 60B9CA622E0A888E00CC1409 /* CategoriesCell.xib */; };
		60B9CABB2E0A888E00CC1409 /* SettingCell.xib in Resources */ = {isa = PBXBuildFile; fileRef = 60B9CA642E0A888E00CC1409 /* SettingCell.xib */; };
		60B9CABC2E0A888E00CC1409 /* Profile.storyboard in Resources */ = {isa = PBXBuildFile; fileRef = 60B9CA662E0A888E00CC1409 /* Profile.storyboard */; };
		60B9CABD2E0A888E00CC1409 /* Assets.xcassets in Resources */ = {isa = PBXBuildFile; fileRef = 60B9CA6E2E0A888E00CC1409 /* Assets.xcassets */; };
		60B9CABF2E0A888E00CC1409 /* LaunchScreen.storyboard in Resources */ = {isa = PBXBuildFile; fileRef = 60B9CA712E0A888E00CC1409 /* LaunchScreen.storyboard */; };
		60C15A8F2E0AB9740030A6F7 /* AddBankVC.swift in Sources */ = {isa = PBXBuildFile; fileRef = 60C15A8E2E0AB9740030A6F7 /* AddBankVC.swift */; };
		60C15A912E0ACC4A0030A6F7 /* Payment&CancellationVC.swift in Sources */ = {isa = PBXBuildFile; fileRef = 60C15A902E0ACC4A0030A6F7 /* Payment&CancellationVC.swift */; };
		60E9F0452E0AD13F008E662E /* Team&LoginVC.swift in Sources */ = {isa = PBXBuildFile; fileRef = 60E9F0442E0AD13F008E662E /* Team&LoginVC.swift */; };
		60E9F0472E0AD626008E662E /* Booking_PreferenceVC.swift in Sources */ = {isa = PBXBuildFile; fileRef = 60E9F0462E0AD626008E662E /* Booking_PreferenceVC.swift */; };
		E486155DD4BD42A476F16BB4 /* Pods_TheCrazyBeautyPOS.framework in Frameworks */ = {isa = PBXBuildFile; fileRef = 6CE4923AF5D4BD4857E6A3AD /* Pods_TheCrazyBeautyPOS.framework */; };
/* End PBXBuildFile section */

/* Begin PBXFileReference section */
		04C47802CBC1E6D1C967396F /* Pods-TheCrazyBeautyPOS.debug.xcconfig */ = {isa = PBXFileReference; includeInIndex = 1; lastKnownFileType = text.xcconfig; name = "Pods-TheCrazyBeautyPOS.debug.xcconfig"; path = "Target Support Files/Pods-TheCrazyBeautyPOS/Pods-TheCrazyBeautyPOS.debug.xcconfig"; sourceTree = "<group>"; };
		058364852DEF23DA00C0B42E /* TheCrazyBeautyPOS.app */ = {isa = PBXFileReference; explicitFileType = wrapper.application; includeInIndex = 0; path = TheCrazyBeautyPOS.app; sourceTree = BUILT_PRODUCTS_DIR; };
		0F4631FD6F97BA318BC3C1B5 /* Pods-TheCrazyBeautyPOS.release.xcconfig */ = {isa = PBXFileReference; includeInIndex = 1; lastKnownFileType = text.xcconfig; name = "Pods-TheCrazyBeautyPOS.release.xcconfig"; path = "Target Support Files/Pods-TheCrazyBeautyPOS/Pods-TheCrazyBeautyPOS.release.xcconfig"; sourceTree = "<group>"; };
		6038A8402E0C237500C3B1FF /* Notifications_SettingsVC.swift */ = {isa = PBXFileReference; lastKnownFileType = sourcecode.swift; path = Notifications_SettingsVC.swift; sourceTree = "<group>"; };
		60AAE9072E0BAEEC00DE3C07 /* Business_CategoriesVC.swift */ = {isa = PBXFileReference; lastKnownFileType = sourcecode.swift; path = Business_CategoriesVC.swift; sourceTree = "<group>"; };
		60AAE9092E0BB29400DE3C07 /* Booking_PolicyVC.swift */ = {isa = PBXFileReference; lastKnownFileType = sourcecode.swift; path = Booking_PolicyVC.swift; sourceTree = "<group>"; };
		60AAE90B2E0BB7BF00DE3C07 /* Slot_DurationVC.swift */ = {isa = PBXFileReference; lastKnownFileType = sourcecode.swift; path = Slot_DurationVC.swift; sourceTree = "<group>"; };
		60AAE90D2E0BF4E900DE3C07 /* Booking_ReminderVC.swift */ = {isa = PBXFileReference; lastKnownFileType = sourcecode.swift; path = Booking_ReminderVC.swift; sourceTree = "<group>"; };
		60B9CA112E0A888E00CC1409 /* lato_bold.ttf */ = {isa = PBXFileReference; lastKnownFileType = file; path = lato_bold.ttf; sourceTree = "<group>"; };
		60B9CA122E0A888E00CC1409 /* lato_medium.ttf */ = {isa = PBXFileReference; lastKnownFileType = file; path = lato_medium.ttf; sourceTree = "<group>"; };
		60B9CA132E0A888E00CC1409 /* lato_regular.ttf */ = {isa = PBXFileReference; lastKnownFileType = file; path = lato_regular.ttf; sourceTree = "<group>"; };
		60B9CA142E0A888E00CC1409 /* poppins_bold.ttf */ = {isa = PBXFileReference; lastKnownFileType = file; path = poppins_bold.ttf; sourceTree = "<group>"; };
		60B9CA152E0A888E00CC1409 /* poppins_light.ttf */ = {isa = PBXFileReference; lastKnownFileType = file; path = poppins_light.ttf; sourceTree = "<group>"; };
		60B9CA162E0A888E00CC1409 /* poppins_medium.ttf */ = {isa = PBXFileReference; lastKnownFileType = file; path = poppins_medium.ttf; sourceTree = "<group>"; };
		60B9CA172E0A888E00CC1409 /* poppins_regular.ttf */ = {isa = PBXFileReference; lastKnownFileType = file; path = poppins_regular.ttf; sourceTree = "<group>"; };
		60B9CA182E0A888E00CC1409 /* poppins_semibold.ttf */ = {isa = PBXFileReference; lastKnownFileType = file; path = poppins_semibold.ttf; sourceTree = "<group>"; };
		60B9CA1A2E0A888E00CC1409 /* ACFloatingTextfield.swift */ = {isa = PBXFileReference; lastKnownFileType = sourcecode.swift; path = ACFloatingTextfield.swift; sourceTree = "<group>"; };
		60B9CA1B2E0A888E00CC1409 /* Animations.swift */ = {isa = PBXFileReference; lastKnownFileType = sourcecode.swift; path = Animations.swift; sourceTree = "<group>"; };
		60B9CA1C2E0A888E00CC1409 /* Animator.swift */ = {isa = PBXFileReference; lastKnownFileType = sourcecode.swift; path = Animator.swift; sourceTree = "<group>"; };
		60B9CA1D2E0A888E00CC1409 /* APIService .swift */ = {isa = PBXFileReference; lastKnownFileType = sourcecode.swift; path = "APIService .swift"; sourceTree = "<group>"; };
		60B9CA1E2E0A888E00CC1409 /* CalenderView.swift */ = {isa = PBXFileReference; lastKnownFileType = sourcecode.swift; path = CalenderView.swift; sourceTree = "<group>"; };
		60B9CA1F2E0A888E00CC1409 /* CardView.swift */ = {isa = PBXFileReference; lastKnownFileType = sourcecode.swift; path = CardView.swift; sourceTree = "<group>"; };
		60B9CA202E0A888E00CC1409 /* DeviceId.h */ = {isa = PBXFileReference; lastKnownFileType = sourcecode.c.h; path = DeviceId.h; sourceTree = "<group>"; };
		60B9CA212E0A888E00CC1409 /* DeviceId.m */ = {isa = PBXFileReference; lastKnownFileType = sourcecode.c.objc; path = DeviceId.m; sourceTree = "<group>"; };
		60B9CA222E0A888E00CC1409 /* Extension.swift */ = {isa = PBXFileReference; lastKnownFileType = sourcecode.swift; path = Extension.swift; sourceTree = "<group>"; };
		60B9CA232E0A888E00CC1409 /* global.swift */ = {isa = PBXFileReference; lastKnownFileType = sourcecode.swift; path = global.swift; sourceTree = "<group>"; };
		60B9CA242E0A888E00CC1409 /* LocalData.swift */ = {isa = PBXFileReference; lastKnownFileType = sourcecode.swift; path = LocalData.swift; sourceTree = "<group>"; };
		60B9CA252E0A888E00CC1409 /* MBProgressHUD.h */ = {isa = PBXFileReference; lastKnownFileType = sourcecode.c.h; path = MBProgressHUD.h; sourceTree = "<group>"; };
		60B9CA262E0A888E00CC1409 /* MBProgressHUD.m */ = {isa = PBXFileReference; lastKnownFileType = sourcecode.c.objc; path = MBProgressHUD.m; sourceTree = "<group>"; };
		60B9CA272E0A888E00CC1409 /* MonthView.swift */ = {isa = PBXFileReference; lastKnownFileType = sourcecode.swift; path = MonthView.swift; sourceTree = "<group>"; };
		60B9CA282E0A888E00CC1409 /* RSBlurAlertController.swift */ = {isa = PBXFileReference; lastKnownFileType = sourcecode.swift; path = RSBlurAlertController.swift; sourceTree = "<group>"; };
		60B9CA292E0A888E00CC1409 /* RSBlurAlertController.xib */ = {isa = PBXFileReference; lastKnownFileType = file.xib; path = RSBlurAlertController.xib; sourceTree = "<group>"; };
		60B9CA2A2E0A888E00CC1409 /* SharedPrefs.swift */ = {isa = PBXFileReference; lastKnownFileType = sourcecode.swift; path = SharedPrefs.swift; sourceTree = "<group>"; };
		60B9CA2B2E0A888E00CC1409 /* SquareView.swift */ = {isa = PBXFileReference; lastKnownFileType = sourcecode.swift; path = SquareView.swift; sourceTree = "<group>"; };
		60B9CA2C2E0A888E00CC1409 /* TextInputLayout.swift */ = {isa = PBXFileReference; lastKnownFileType = sourcecode.swift; path = TextInputLayout.swift; sourceTree = "<group>"; };
		60B9CA2D2E0A888E00CC1409 /* TheCrazyBeautyPOS-Bridging-Header.h */ = {isa = PBXFileReference; lastKnownFileType = sourcecode.c.h; path = "TheCrazyBeautyPOS-Bridging-Header.h"; sourceTree = "<group>"; };
		60B9CA2E2E0A888E00CC1409 /* UITableView+Ext.swift */ = {isa = PBXFileReference; lastKnownFileType = sourcecode.swift; path = "UITableView+Ext.swift"; sourceTree = "<group>"; };
		60B9CA2F2E0A888E00CC1409 /* WeekdaysView.swift */ = {isa = PBXFileReference; lastKnownFileType = sourcecode.swift; path = WeekdaysView.swift; sourceTree = "<group>"; };
		60B9CA312E0A888E00CC1409 /* getBusinessRepo.swift */ = {isa = PBXFileReference; lastKnownFileType = sourcecode.swift; path = getBusinessRepo.swift; sourceTree = "<group>"; };
		60B9CA322E0A888E00CC1409 /* ServiceDetailsRepo.swift */ = {isa = PBXFileReference; lastKnownFileType = sourcecode.swift; path = ServiceDetailsRepo.swift; sourceTree = "<group>"; };
		60B9CA342E0A888E00CC1409 /* CartCell.swift */ = {isa = PBXFileReference; lastKnownFileType = sourcecode.swift; path = CartCell.swift; sourceTree = "<group>"; };
		60B9CA352E0A888E00CC1409 /* CartCell.xib */ = {isa = PBXFileReference; lastKnownFileType = file.xib; path = CartCell.xib; sourceTree = "<group>"; };
		60B9CA362E0A888E00CC1409 /* CartItemCell.swift */ = {isa = PBXFileReference; lastKnownFileType = sourcecode.swift; path = CartItemCell.swift; sourceTree = "<group>"; };
		60B9CA372E0A888E00CC1409 /* CartItemCell.xib */ = {isa = PBXFileReference; lastKnownFileType = file.xib; path = CartItemCell.xib; sourceTree = "<group>"; };
		60B9CA382E0A888E00CC1409 /* CategoryCell.swift */ = {isa = PBXFileReference; lastKnownFileType = sourcecode.swift; path = CategoryCell.swift; sourceTree = "<group>"; };
		60B9CA392E0A888E00CC1409 /* CategoryCell.xib */ = {isa = PBXFileReference; lastKnownFileType = file.xib; path = CategoryCell.xib; sourceTree = "<group>"; };
		60B9CA3A2E0A888E00CC1409 /* HomeMenuCell.swift */ = {isa = PBXFileReference; lastKnownFileType = sourcecode.swift; path = HomeMenuCell.swift; sourceTree = "<group>"; };
		60B9CA3B2E0A888E00CC1409 /* HomeMenuCell.xib */ = {isa = PBXFileReference; lastKnownFileType = file.xib; path = HomeMenuCell.xib; sourceTree = "<group>"; };
		60B9CA3C2E0A888E00CC1409 /* ServiceCell.swift */ = {isa = PBXFileReference; lastKnownFileType = sourcecode.swift; path = ServiceCell.swift; sourceTree = "<group>"; };
		60B9CA3D2E0A888E00CC1409 /* ServiceCell.xib */ = {isa = PBXFileReference; lastKnownFileType = file.xib; path = ServiceCell.xib; sourceTree = "<group>"; };
		60B9CA3E2E0A888E00CC1409 /* TeamCell.swift */ = {isa = PBXFileReference; lastKnownFileType = sourcecode.swift; path = TeamCell.swift; sourceTree = "<group>"; };
		60B9CA3F2E0A888E00CC1409 /* TeamCell.xib */ = {isa = PBXFileReference; lastKnownFileType = file.xib; path = TeamCell.xib; sourceTree = "<group>"; };
		60B9CA402E0A888E00CC1409 /* TeamHeaderCell.swift */ = {isa = PBXFileReference; lastKnownFileType = sourcecode.swift; path = TeamHeaderCell.swift; sourceTree = "<group>"; };
		60B9CA412E0A888E00CC1409 /* TeamHeaderCell.xib */ = {isa = PBXFileReference; lastKnownFileType = file.xib; path = TeamHeaderCell.xib; sourceTree = "<group>"; };
		60B9CA422E0A888E00CC1409 /* TeamHeaderCell copy.xib */ = {isa = PBXFileReference; lastKnownFileType = file.xib; path = "TeamHeaderCell copy.xib"; sourceTree = "<group>"; };
		60B9CA442E0A888E00CC1409 /* ServiceCategory.swift */ = {isa = PBXFileReference; lastKnownFileType = sourcecode.swift; path = ServiceCategory.swift; sourceTree = "<group>"; };
		60B9CA452E0A888E00CC1409 /* ServiceDetailsModel.swift */ = {isa = PBXFileReference; lastKnownFileType = sourcecode.swift; path = ServiceDetailsModel.swift; sourceTree = "<group>"; };
		60B9CA462E0A888E00CC1409 /* ServicesModel.swift */ = {isa = PBXFileReference; lastKnownFileType = sourcecode.swift; path = ServicesModel.swift; sourceTree = "<group>"; };
		60B9CA472E0A888E00CC1409 /* StaffResponse.swift */ = {isa = PBXFileReference; lastKnownFileType = sourcecode.swift; path = StaffResponse.swift; sourceTree = "<group>"; };
		60B9CA492E0A888E00CC1409 /* Home.storyboard */ = {isa = PBXFileReference; lastKnownFileType = file.storyboard; path = Home.storyboard; sourceTree = "<group>"; };
		60B9CA4B2E0A888E00CC1409 /* BookingVC.swift */ = {isa = PBXFileReference; lastKnownFileType = sourcecode.swift; path = BookingVC.swift; sourceTree = "<group>"; };
		60B9CA4C2E0A888E00CC1409 /* ClientsVC.swift */ = {isa = PBXFileReference; lastKnownFileType = sourcecode.swift; path = ClientsVC.swift; sourceTree = "<group>"; };
		60B9CA4D2E0A888E00CC1409 /* HomeVC.swift */ = {isa = PBXFileReference; lastKnownFileType = sourcecode.swift; path = HomeVC.swift; sourceTree = "<group>"; };
		60B9CA4E2E0A888E00CC1409 /* InventoryVC.swift */ = {isa = PBXFileReference; lastKnownFileType = sourcecode.swift; path = InventoryVC.swift; sourceTree = "<group>"; };
		60B9CA4F2E0A888E00CC1409 /* PromotionVC.swift */ = {isa = PBXFileReference; lastKnownFileType = sourcecode.swift; path = PromotionVC.swift; sourceTree = "<group>"; };
		60B9CA502E0A888E00CC1409 /* ReportVC.swift */ = {isa = PBXFileReference; lastKnownFileType = sourcecode.swift; path = ReportVC.swift; sourceTree = "<group>"; };
		60B9CA512E0A888E00CC1409 /* ServicesVC.swift */ = {isa = PBXFileReference; lastKnownFileType = sourcecode.swift; path = ServicesVC.swift; sourceTree = "<group>"; };
		60B9CA522E0A888E00CC1409 /* TeamVC.swift */ = {isa = PBXFileReference; lastKnownFileType = sourcecode.swift; path = TeamVC.swift; sourceTree = "<group>"; };
		60B9CA532E0A888E00CC1409 /* UpcomingAppointmentsVC.swift */ = {isa = PBXFileReference; lastKnownFileType = sourcecode.swift; path = UpcomingAppointmentsVC.swift; sourceTree = "<group>"; };
		60B9CA542E0A888E00CC1409 /* WalkingVC.swift */ = {isa = PBXFileReference; lastKnownFileType = sourcecode.swift; path = WalkingVC.swift; sourceTree = "<group>"; };
		60B9CA572E0A888E00CC1409 /* LoginRequest.swift */ = {isa = PBXFileReference; lastKnownFileType = sourcecode.swift; path = LoginRequest.swift; sourceTree = "<group>"; };
		60B9CA592E0A888E00CC1409 /* LoginResponse.swift */ = {isa = PBXFileReference; lastKnownFileType = sourcecode.swift; path = LoginResponse.swift; sourceTree = "<group>"; };
		60B9CA5B2E0A888E00CC1409 /* Base */ = {isa = PBXFileReference; lastKnownFileType = file.storyboard; name = Base; path = Base.lproj/Main.storyboard; sourceTree = "<group>"; };
		60B9CA5E2E0A888E00CC1409 /* LoginScreen.swift */ = {isa = PBXFileReference; lastKnownFileType = sourcecode.swift; path = LoginScreen.swift; sourceTree = "<group>"; };
		60B9CA612E0A888E00CC1409 /* CategoriesCell.swift */ = {isa = PBXFileReference; lastKnownFileType = sourcecode.swift; path = CategoriesCell.swift; sourceTree = "<group>"; };
		60B9CA622E0A888E00CC1409 /* CategoriesCell.xib */ = {isa = PBXFileReference; lastKnownFileType = file.xib; path = CategoriesCell.xib; sourceTree = "<group>"; };
		60B9CA632E0A888E00CC1409 /* SettingCell.swift */ = {isa = PBXFileReference; lastKnownFileType = sourcecode.swift; path = SettingCell.swift; sourceTree = "<group>"; };
		60B9CA642E0A888E00CC1409 /* SettingCell.xib */ = {isa = PBXFileReference; lastKnownFileType = file.xib; path = SettingCell.xib; sourceTree = "<group>"; };
		60B9CA662E0A888E00CC1409 /* Profile.storyboard */ = {isa = PBXFileReference; lastKnownFileType = file.storyboard; path = Profile.storyboard; sourceTree = "<group>"; };
		60B9CA682E0A888E00CC1409 /* ChangePasswordVC.swift */ = {isa = PBXFileReference; lastKnownFileType = sourcecode.swift; path = ChangePasswordVC.swift; sourceTree = "<group>"; };
		60B9CA692E0A888E00CC1409 /* KioskUsersVC.swift */ = {isa = PBXFileReference; lastKnownFileType = sourcecode.swift; path = KioskUsersVC.swift; sourceTree = "<group>"; };
		60B9CA6A2E0A888E00CC1409 /* ProfileVC.swift */ = {isa = PBXFileReference; lastKnownFileType = sourcecode.swift; path = ProfileVC.swift; sourceTree = "<group>"; };
		60B9CA6D2E0A888E00CC1409 /* AppDelegate.swift */ = {isa = PBXFileReference; lastKnownFileType = sourcecode.swift; path = AppDelegate.swift; sourceTree = "<group>"; };
		60B9CA6E2E0A888E00CC1409 /* Assets.xcassets */ = {isa = PBXFileReference; lastKnownFileType = folder.assetcatalog; path = Assets.xcassets; sourceTree = "<group>"; };
		60B9CA6F2E0A888E00CC1409 /* Info.plist */ = {isa = PBXFileReference; lastKnownFileType = text.plist.xml; path = Info.plist; sourceTree = "<group>"; };
		60B9CA702E0A888E00CC1409 /* Base */ = {isa = PBXFileReference; lastKnownFileType = file.storyboard; name = Base; path = Base.lproj/LaunchScreen.storyboard; sourceTree = "<group>"; };
		60B9CA722E0A888E00CC1409 /* SceneDelegate.swift */ = {isa = PBXFileReference; lastKnownFileType = sourcecode.swift; path = SceneDelegate.swift; sourceTree = "<group>"; };
		60C15A8E2E0AB9740030A6F7 /* AddBankVC.swift */ = {isa = PBXFileReference; lastKnownFileType = sourcecode.swift; path = AddBankVC.swift; sourceTree = "<group>"; };
		60C15A902E0ACC4A0030A6F7 /* Payment&CancellationVC.swift */ = {isa = PBXFileReference; lastKnownFileType = sourcecode.swift; path = "Payment&CancellationVC.swift"; sourceTree = "<group>"; };
		60E9F0442E0AD13F008E662E /* Team&LoginVC.swift */ = {isa = PBXFileReference; lastKnownFileType = sourcecode.swift; path = "Team&LoginVC.swift"; sourceTree = "<group>"; };
		60E9F0462E0AD626008E662E /* Booking_PreferenceVC.swift */ = {isa = PBXFileReference; lastKnownFileType = sourcecode.swift; path = Booking_PreferenceVC.swift; sourceTree = "<group>"; };
		6CE4923AF5D4BD4857E6A3AD /* Pods_TheCrazyBeautyPOS.framework */ = {isa = PBXFileReference; explicitFileType = wrapper.framework; includeInIndex = 0; path = Pods_TheCrazyBeautyPOS.framework; sourceTree = BUILT_PRODUCTS_DIR; };
/* End PBXFileReference section */

/* Begin PBXFrameworksBuildPhase section */
		058364822DEF23DA00C0B42E /* Frameworks */ = {
			isa = PBXFrameworksBuildPhase;
			buildActionMask = 2147483647;
			files = (
				E486155DD4BD42A476F16BB4 /* Pods_TheCrazyBeautyPOS.framework in Frameworks */,
			);
			runOnlyForDeploymentPostprocessing = 0;
		};
/* End PBXFrameworksBuildPhase section */

/* Begin PBXGroup section */
		0583647C2DEF23DA00C0B42E = {
			isa = PBXGroup;
			children = (
				60B9CA732E0A888E00CC1409 /* TheCrazyBeautyPOS */,
				058364862DEF23DA00C0B42E /* Products */,
				EE03724085AFEB05B3C40DF0 /* Pods */,
				A2770A676D4EBC761414C550 /* Frameworks */,
			);
			sourceTree = "<group>";
		};
		058364862DEF23DA00C0B42E /* Products */ = {
			isa = PBXGroup;
			children = (
				058364852DEF23DA00C0B42E /* TheCrazyBeautyPOS.app */,
			);
			name = Products;
			sourceTree = "<group>";
		};
		60B9CA192E0A888E00CC1409 /* Font */ = {
			isa = PBXGroup;
			children = (
				60B9CA112E0A888E00CC1409 /* lato_bold.ttf */,
				60B9CA122E0A888E00CC1409 /* lato_medium.ttf */,
				60B9CA132E0A888E00CC1409 /* lato_regular.ttf */,
				60B9CA142E0A888E00CC1409 /* poppins_bold.ttf */,
				60B9CA152E0A888E00CC1409 /* poppins_light.ttf */,
				60B9CA162E0A888E00CC1409 /* poppins_medium.ttf */,
				60B9CA172E0A888E00CC1409 /* poppins_regular.ttf */,
				60B9CA182E0A888E00CC1409 /* poppins_semibold.ttf */,
			);
			path = Font;
			sourceTree = "<group>";
		};
		60B9CA302E0A888E00CC1409 /* Helper */ = {
			isa = PBXGroup;
			children = (
				60B9CA1A2E0A888E00CC1409 /* ACFloatingTextfield.swift */,
				60B9CA1B2E0A888E00CC1409 /* Animations.swift */,
				60B9CA1C2E0A888E00CC1409 /* Animator.swift */,
				60B9CA1D2E0A888E00CC1409 /* APIService .swift */,
				60B9CA1E2E0A888E00CC1409 /* CalenderView.swift */,
				60B9CA1F2E0A888E00CC1409 /* CardView.swift */,
				60B9CA202E0A888E00CC1409 /* DeviceId.h */,
				60B9CA212E0A888E00CC1409 /* DeviceId.m */,
				60B9CA222E0A888E00CC1409 /* Extension.swift */,
				60B9CA232E0A888E00CC1409 /* global.swift */,
				60B9CA242E0A888E00CC1409 /* LocalData.swift */,
				60B9CA252E0A888E00CC1409 /* MBProgressHUD.h */,
				60B9CA262E0A888E00CC1409 /* MBProgressHUD.m */,
				60B9CA272E0A888E00CC1409 /* MonthView.swift */,
				60B9CA282E0A888E00CC1409 /* RSBlurAlertController.swift */,
				60B9CA292E0A888E00CC1409 /* RSBlurAlertController.xib */,
				60B9CA2A2E0A888E00CC1409 /* SharedPrefs.swift */,
				60B9CA2B2E0A888E00CC1409 /* SquareView.swift */,
				60B9CA2C2E0A888E00CC1409 /* TextInputLayout.swift */,
				60B9CA2D2E0A888E00CC1409 /* TheCrazyBeautyPOS-Bridging-Header.h */,
				60B9CA2E2E0A888E00CC1409 /* UITableView+Ext.swift */,
				60B9CA2F2E0A888E00CC1409 /* WeekdaysView.swift */,
			);
			path = Helper;
			sourceTree = "<group>";
		};
		60B9CA332E0A888E00CC1409 /* API */ = {
			isa = PBXGroup;
			children = (
				60B9CA312E0A888E00CC1409 /* getBusinessRepo.swift */,
				60B9CA322E0A888E00CC1409 /* ServiceDetailsRepo.swift */,
			);
			path = API;
			sourceTree = "<group>";
		};
		60B9CA432E0A888E00CC1409 /* Cell */ = {
			isa = PBXGroup;
			children = (
				60B9CA342E0A888E00CC1409 /* CartCell.swift */,
				60B9CA352E0A888E00CC1409 /* CartCell.xib */,
				60B9CA362E0A888E00CC1409 /* CartItemCell.swift */,
				60B9CA372E0A888E00CC1409 /* CartItemCell.xib */,
				60B9CA382E0A888E00CC1409 /* CategoryCell.swift */,
				60B9CA392E0A888E00CC1409 /* CategoryCell.xib */,
				60B9CA3A2E0A888E00CC1409 /* HomeMenuCell.swift */,
				60B9CA3B2E0A888E00CC1409 /* HomeMenuCell.xib */,
				60B9CA3C2E0A888E00CC1409 /* ServiceCell.swift */,
				60B9CA3D2E0A888E00CC1409 /* ServiceCell.xib */,
				60B9CA3E2E0A888E00CC1409 /* TeamCell.swift */,
				60B9CA3F2E0A888E00CC1409 /* TeamCell.xib */,
				60B9CA402E0A888E00CC1409 /* TeamHeaderCell.swift */,
				60B9CA412E0A888E00CC1409 /* TeamHeaderCell.xib */,
				60B9CA422E0A888E00CC1409 /* TeamHeaderCell copy.xib */,
			);
			path = Cell;
			sourceTree = "<group>";
		};
		60B9CA482E0A888E00CC1409 /* Model */ = {
			isa = PBXGroup;
			children = (
				60B9CA442E0A888E00CC1409 /* ServiceCategory.swift */,
				60B9CA452E0A888E00CC1409 /* ServiceDetailsModel.swift */,
				60B9CA462E0A888E00CC1409 /* ServicesModel.swift */,
				60B9CA472E0A888E00CC1409 /* StaffResponse.swift */,
			);
			path = Model;
			sourceTree = "<group>";
		};
		60B9CA4A2E0A888E00CC1409 /* Storyboard */ = {
			isa = PBXGroup;
			children = (
				60B9CA492E0A888E00CC1409 /* Home.storyboard */,
			);
			path = Storyboard;
			sourceTree = "<group>";
		};
		60B9CA552E0A888E00CC1409 /* View Controller */ = {
			isa = PBXGroup;
			children = (
				60B9CA4B2E0A888E00CC1409 /* BookingVC.swift */,
				60B9CA4C2E0A888E00CC1409 /* ClientsVC.swift */,
				60B9CA4D2E0A888E00CC1409 /* HomeVC.swift */,
				60B9CA4E2E0A888E00CC1409 /* InventoryVC.swift */,
				60B9CA4F2E0A888E00CC1409 /* PromotionVC.swift */,
				60B9CA502E0A888E00CC1409 /* ReportVC.swift */,
				60B9CA512E0A888E00CC1409 /* ServicesVC.swift */,
				60B9CA522E0A888E00CC1409 /* TeamVC.swift */,
				60B9CA532E0A888E00CC1409 /* UpcomingAppointmentsVC.swift */,
				60B9CA542E0A888E00CC1409 /* WalkingVC.swift */,
			);
			path = "View Controller";
			sourceTree = "<group>";
		};
		60B9CA562E0A888E00CC1409 /* Home */ = {
			isa = PBXGroup;
			children = (
				60B9CA332E0A888E00CC1409 /* API */,
				60B9CA432E0A888E00CC1409 /* Cell */,
				60B9CA482E0A888E00CC1409 /* Model */,
				60B9CA4A2E0A888E00CC1409 /* Storyboard */,
				60B9CA552E0A888E00CC1409 /* View Controller */,
			);
			path = Home;
			sourceTree = "<group>";
		};
		60B9CA582E0A888E00CC1409 /* API */ = {
			isa = PBXGroup;
			children = (
				60B9CA572E0A888E00CC1409 /* LoginRequest.swift */,
			);
			path = API;
			sourceTree = "<group>";
		};
		60B9CA5A2E0A888E00CC1409 /* Model */ = {
			isa = PBXGroup;
			children = (
				60B9CA592E0A888E00CC1409 /* LoginResponse.swift */,
			);
			path = Model;
			sourceTree = "<group>";
		};
		60B9CA5D2E0A888E00CC1409 /* Storyboard */ = {
			isa = PBXGroup;
			children = (
				60B9CA5C2E0A888E00CC1409 /* Main.storyboard */,
			);
			path = Storyboard;
			sourceTree = "<group>";
		};
		60B9CA5F2E0A888E00CC1409 /* ViewController */ = {
			isa = PBXGroup;
			children = (
				60B9CA5E2E0A888E00CC1409 /* LoginScreen.swift */,
			);
			path = ViewController;
			sourceTree = "<group>";
		};
		60B9CA602E0A888E00CC1409 /* Login */ = {
			isa = PBXGroup;
			children = (
				60B9CA582E0A888E00CC1409 /* API */,
				60B9CA5A2E0A888E00CC1409 /* Model */,
				60B9CA5D2E0A888E00CC1409 /* Storyboard */,
				60B9CA5F2E0A888E00CC1409 /* ViewController */,
			);
			path = Login;
			sourceTree = "<group>";
		};
		60B9CA652E0A888E00CC1409 /* Cell */ = {
			isa = PBXGroup;
			children = (
				60B9CA612E0A888E00CC1409 /* CategoriesCell.swift */,
				60B9CA622E0A888E00CC1409 /* CategoriesCell.xib */,
				60B9CA632E0A888E00CC1409 /* SettingCell.swift */,
				60B9CA642E0A888E00CC1409 /* SettingCell.xib */,
			);
			path = Cell;
			sourceTree = "<group>";
		};
		60B9CA672E0A888E00CC1409 /* Storyboard */ = {
			isa = PBXGroup;
			children = (
				60B9CA662E0A888E00CC1409 /* Profile.storyboard */,
			);
			path = Storyboard;
			sourceTree = "<group>";
		};
		60B9CA6B2E0A888E00CC1409 /* View Controller */ = {
			isa = PBXGroup;
			children = (
				60B9CA682E0A888E00CC1409 /* ChangePasswordVC.swift */,
				60C15A8E2E0AB9740030A6F7 /* AddBankVC.swift */,
				60B9CA692E0A888E00CC1409 /* KioskUsersVC.swift */,
				60B9CA6A2E0A888E00CC1409 /* ProfileVC.swift */,
				60C15A902E0ACC4A0030A6F7 /* Payment&CancellationVC.swift */,
				60E9F0442E0AD13F008E662E /* Team&LoginVC.swift */,
				60E9F0462E0AD626008E662E /* Booking_PreferenceVC.swift */,
				60AAE9072E0BAEEC00DE3C07 /* Business_CategoriesVC.swift */,
				60AAE9092E0BB29400DE3C07 /* Booking_PolicyVC.swift */,
				60AAE90B2E0BB7BF00DE3C07 /* Slot_DurationVC.swift */,
				60AAE90D2E0BF4E900DE3C07 /* Booking_ReminderVC.swift */,
				6038A8402E0C237500C3B1FF /* Notifications_SettingsVC.swift */,
			);
			path = "View Controller";
			sourceTree = "<group>";
		};
		60B9CA6C2E0A888E00CC1409 /* Profile */ = {
			isa = PBXGroup;
			children = (
				60B9CA652E0A888E00CC1409 /* Cell */,
				60B9CA672E0A888E00CC1409 /* Storyboard */,
				60B9CA6B2E0A888E00CC1409 /* View Controller */,
			);
			path = Profile;
			sourceTree = "<group>";
		};
		60B9CA732E0A888E00CC1409 /* TheCrazyBeautyPOS */ = {
			isa = PBXGroup;
			children = (
				60B9CA192E0A888E00CC1409 /* Font */,
				60B9CA302E0A888E00CC1409 /* Helper */,
				60B9CA562E0A888E00CC1409 /* Home */,
				60B9CA602E0A888E00CC1409 /* Login */,
				60B9CA6C2E0A888E00CC1409 /* Profile */,
				60B9CA6D2E0A888E00CC1409 /* AppDelegate.swift */,
				60B9CA6E2E0A888E00CC1409 /* Assets.xcassets */,
				60B9CA6F2E0A888E00CC1409 /* Info.plist */,
				60B9CA712E0A888E00CC1409 /* LaunchScreen.storyboard */,
				60B9CA722E0A888E00CC1409 /* SceneDelegate.swift */,
			);
			path = TheCrazyBeautyPOS;
			sourceTree = "<group>";
		};
		A2770A676D4EBC761414C550 /* Frameworks */ = {
			isa = PBXGroup;
			children = (
				6CE4923AF5D4BD4857E6A3AD /* Pods_TheCrazyBeautyPOS.framework */,
			);
			name = Frameworks;
			sourceTree = "<group>";
		};
		EE03724085AFEB05B3C40DF0 /* Pods */ = {
			isa = PBXGroup;
			children = (
				04C47802CBC1E6D1C967396F /* Pods-TheCrazyBeautyPOS.debug.xcconfig */,
				0F4631FD6F97BA318BC3C1B5 /* Pods-TheCrazyBeautyPOS.release.xcconfig */,
			);
			path = Pods;
			sourceTree = "<group>";
		};
/* End PBXGroup section */

/* Begin PBXNativeTarget section */
		058364842DEF23DA00C0B42E /* TheCrazyBeautyPOS */ = {
			isa = PBXNativeTarget;
			buildConfigurationList = 058364982DEF23DC00C0B42E /* Build configuration list for PBXNativeTarget "TheCrazyBeautyPOS" */;
			buildPhases = (
				AF9A38DF5CB605ECB72C3A1B /* [CP] Check Pods Manifest.lock */,
				058364812DEF23DA00C0B42E /* Sources */,
				058364822DEF23DA00C0B42E /* Frameworks */,
				058364832DEF23DA00C0B42E /* Resources */,
				1DAB88048E4F05FA3E8A3696 /* [CP] Embed Pods Frameworks */,
			);
			buildRules = (
			);
			dependencies = (
			);
			name = TheCrazyBeautyPOS;
			productName = TheCrazyBeautyPOS;
			productReference = 058364852DEF23DA00C0B42E /* TheCrazyBeautyPOS.app */;
			productType = "com.apple.product-type.application";
		};
/* End PBXNativeTarget section */

/* Begin PBXProject section */
		0583647D2DEF23DA00C0B42E /* Project object */ = {
			isa = PBXProject;
			attributes = {
				BuildIndependentTargetsInParallel = 1;
				LastSwiftUpdateCheck = 1610;
				LastUpgradeCheck = 1610;
				TargetAttributes = {
					058364842DEF23DA00C0B42E = {
						CreatedOnToolsVersion = 16.1;
						LastSwiftMigration = 1610;
					};
				};
			};
			buildConfigurationList = 058364802DEF23DA00C0B42E /* Build configuration list for PBXProject "TheCrazyBeautyPOS" */;
			developmentRegion = en;
			hasScannedForEncodings = 0;
			knownRegions = (
				en,
				Base,
			);
			mainGroup = 0583647C2DEF23DA00C0B42E;
			minimizedProjectReferenceProxies = 1;
			preferredProjectObjectVersion = 77;
			productRefGroup = 058364862DEF23DA00C0B42E /* Products */;
			projectDirPath = "";
			projectRoot = "";
			targets = (
				058364842DEF23DA00C0B42E /* TheCrazyBeautyPOS */,
			);
		};
/* End PBXProject section */

/* Begin PBXResourcesBuildPhase section */
		058364832DEF23DA00C0B42E /* Resources */ = {
			isa = PBXResourcesBuildPhase;
			buildActionMask = 2147483647;
			files = (
				60B9CAA72E0A888E00CC1409 /* lato_bold.ttf in Resources */,
				60B9CAA82E0A888E00CC1409 /* lato_medium.ttf in Resources */,
				60B9CAA92E0A888E00CC1409 /* lato_regular.ttf in Resources */,
				60B9CAAA2E0A888E00CC1409 /* poppins_bold.ttf in Resources */,
				60B9CAAB2E0A888E00CC1409 /* poppins_light.ttf in Resources */,
				60B9CAAC2E0A888E00CC1409 /* poppins_medium.ttf in Resources */,
				60B9CAAD2E0A888E00CC1409 /* poppins_regular.ttf in Resources */,
				60B9CAAE2E0A888E00CC1409 /* poppins_semibold.ttf in Resources */,
				60B9CAAF2E0A888E00CC1409 /* RSBlurAlertController.xib in Resources */,
				60B9CAB02E0A888E00CC1409 /* CartCell.xib in Resources */,
				60B9CAB12E0A888E00CC1409 /* CartItemCell.xib in Resources */,
				60B9CAB22E0A888E00CC1409 /* CategoryCell.xib in Resources */,
				60B9CAB32E0A888E00CC1409 /* HomeMenuCell.xib in Resources */,
				60B9CAB42E0A888E00CC1409 /* ServiceCell.xib in Resources */,
				60B9CAB52E0A888E00CC1409 /* TeamCell.xib in Resources */,
				60B9CAB62E0A888E00CC1409 /* TeamHeaderCell.xib in Resources */,
				60B9CAB72E0A888E00CC1409 /* TeamHeaderCell copy.xib in Resources */,
				60B9CAB82E0A888E00CC1409 /* Home.storyboard in Resources */,
				60B9CAB92E0A888E00CC1409 /* Main.storyboard in Resources */,
				60B9CABA2E0A888E00CC1409 /* CategoriesCell.xib in Resources */,
				60B9CABB2E0A888E00CC1409 /* SettingCell.xib in Resources */,
				60B9CABC2E0A888E00CC1409 /* Profile.storyboard in Resources */,
				60B9CABD2E0A888E00CC1409 /* Assets.xcassets in Resources */,
				60B9CABF2E0A888E00CC1409 /* LaunchScreen.storyboard in Resources */,
			);
			runOnlyForDeploymentPostprocessing = 0;
		};
/* End PBXResourcesBuildPhase section */

/* Begin PBXShellScriptBuildPhase section */
		1DAB88048E4F05FA3E8A3696 /* [CP] Embed Pods Frameworks */ = {
			isa = PBXShellScriptBuildPhase;
			buildActionMask = 2147483647;
			files = (
			);
			inputFileListPaths = (
				"${PODS_ROOT}/Target Support Files/Pods-TheCrazyBeautyPOS/Pods-TheCrazyBeautyPOS-frameworks-${CONFIGURATION}-input-files.xcfilelist",
			);
			inputPaths = (
			);
			name = "[CP] Embed Pods Frameworks";
			outputFileListPaths = (
				"${PODS_ROOT}/Target Support Files/Pods-TheCrazyBeautyPOS/Pods-TheCrazyBeautyPOS-frameworks-${CONFIGURATION}-output-files.xcfilelist",
			);
			outputPaths = (
			);
			runOnlyForDeploymentPostprocessing = 0;
			shellPath = /bin/sh;
			shellScript = "\"${PODS_ROOT}/Target Support Files/Pods-TheCrazyBeautyPOS/Pods-TheCrazyBeautyPOS-frameworks.sh\"\n";
			showEnvVarsInLog = 0;
		};
		AF9A38DF5CB605ECB72C3A1B /* [CP] Check Pods Manifest.lock */ = {
			isa = PBXShellScriptBuildPhase;
			buildActionMask = 2147483647;
			files = (
			);
			inputFileListPaths = (
			);
			inputPaths = (
				"${PODS_PODFILE_DIR_PATH}/Podfile.lock",
				"${PODS_ROOT}/Manifest.lock",
			);
			name = "[CP] Check Pods Manifest.lock";
			outputFileListPaths = (
			);
			outputPaths = (
				"$(DERIVED_FILE_DIR)/Pods-TheCrazyBeautyPOS-checkManifestLockResult.txt",
			);
			runOnlyForDeploymentPostprocessing = 0;
			shellPath = /bin/sh;
			shellScript = "diff \"${PODS_PODFILE_DIR_PATH}/Podfile.lock\" \"${PODS_ROOT}/Manifest.lock\" > /dev/null\nif [ $? != 0 ] ; then\n    # print error to STDERR\n    echo \"error: The sandbox is not in sync with the Podfile.lock. Run 'pod install' or update your CocoaPods installation.\" >&2\n    exit 1\nfi\n# This output is used by Xcode 'outputs' to avoid re-running this script phase.\necho \"SUCCESS\" > \"${SCRIPT_OUTPUT_FILE_0}\"\n";
			showEnvVarsInLog = 0;
		};
/* End PBXShellScriptBuildPhase section */

/* Begin PBXSourcesBuildPhase section */
		058364812DEF23DA00C0B42E /* Sources */ = {
			isa = PBXSourcesBuildPhase;
			buildActionMask = 2147483647;
			files = (
				60B9CA742E0A888E00CC1409 /* ACFloatingTextfield.swift in Sources */,
				60B9CA752E0A888E00CC1409 /* Animations.swift in Sources */,
				60AAE90C2E0BB7BF00DE3C07 /* Slot_DurationVC.swift in Sources */,
				60E9F0472E0AD626008E662E /* Booking_PreferenceVC.swift in Sources */,
				60B9CA762E0A888E00CC1409 /* Animator.swift in Sources */,
				60B9CA772E0A888E00CC1409 /* APIService .swift in Sources */,
				60B9CA782E0A888E00CC1409 /* CalenderView.swift in Sources */,
				60B9CA792E0A888E00CC1409 /* CardView.swift in Sources */,
				60B9CA7A2E0A888E00CC1409 /* DeviceId.m in Sources */,
				60B9CA7B2E0A888E00CC1409 /* Extension.swift in Sources */,
				60B9CA7C2E0A888E00CC1409 /* global.swift in Sources */,
				60B9CA7D2E0A888E00CC1409 /* LocalData.swift in Sources */,
				60B9CA7E2E0A888E00CC1409 /* MBProgressHUD.m in Sources */,
				60B9CA7F2E0A888E00CC1409 /* MonthView.swift in Sources */,
				60B9CA802E0A888E00CC1409 /* RSBlurAlertController.swift in Sources */,
				60B9CA812E0A888E00CC1409 /* SharedPrefs.swift in Sources */,
				60B9CA822E0A888E00CC1409 /* SquareView.swift in Sources */,
				60AAE9082E0BAEEC00DE3C07 /* Business_CategoriesVC.swift in Sources */,
				60B9CA832E0A888E00CC1409 /* TextInputLayout.swift in Sources */,
				60B9CA842E0A888E00CC1409 /* UITableView+Ext.swift in Sources */,
				60B9CA852E0A888E00CC1409 /* WeekdaysView.swift in Sources */,
				60B9CA862E0A888E00CC1409 /* getBusinessRepo.swift in Sources */,
				60B9CA872E0A888E00CC1409 /* ServiceDetailsRepo.swift in Sources */,
				60AAE90A2E0BB29400DE3C07 /* Booking_PolicyVC.swift in Sources */,
				60B9CA882E0A888E00CC1409 /* CartCell.swift in Sources */,
				60B9CA892E0A888E00CC1409 /* CartItemCell.swift in Sources */,
				60B9CA8A2E0A888E00CC1409 /* CategoryCell.swift in Sources */,
				60B9CA8B2E0A888E00CC1409 /* HomeMenuCell.swift in Sources */,
				60B9CA8C2E0A888E00CC1409 /* ServiceCell.swift in Sources */,
				60B9CA8D2E0A888E00CC1409 /* TeamCell.swift in Sources */,
				60B9CA8E2E0A888E00CC1409 /* TeamHeaderCell.swift in Sources */,
				60B9CA8F2E0A888E00CC1409 /* ServiceCategory.swift in Sources */,
				60B9CA902E0A888E00CC1409 /* ServiceDetailsModel.swift in Sources */,
				60B9CA912E0A888E00CC1409 /* ServicesModel.swift in Sources */,
				60E9F0452E0AD13F008E662E /* Team&LoginVC.swift in Sources */,
				60B9CA922E0A888E00CC1409 /* StaffResponse.swift in Sources */,
				60B9CA932E0A888E00CC1409 /* BookingVC.swift in Sources */,
				60B9CA942E0A888E00CC1409 /* ClientsVC.swift in Sources */,
				60B9CA952E0A888E00CC1409 /* HomeVC.swift in Sources */,
				60B9CA962E0A888E00CC1409 /* InventoryVC.swift in Sources */,
				60B9CA972E0A888E00CC1409 /* PromotionVC.swift in Sources */,
				60C15A912E0ACC4A0030A6F7 /* Payment&CancellationVC.swift in Sources */,
				60B9CA982E0A888E00CC1409 /* ReportVC.swift in Sources */,
				60B9CA992E0A888E00CC1409 /* ServicesVC.swift in Sources */,
				6038A8412E0C237500C3B1FF /* Notifications_SettingsVC.swift in Sources */,
				60B9CA9A2E0A888E00CC1409 /* TeamVC.swift in Sources */,
				60B9CA9B2E0A888E00CC1409 /* UpcomingAppointmentsVC.swift in Sources */,
				60B9CA9C2E0A888E00CC1409 /* WalkingVC.swift in Sources */,
				60B9CA9D2E0A888E00CC1409 /* LoginRequest.swift in Sources */,
				60B9CA9E2E0A888E00CC1409 /* LoginResponse.swift in Sources */,
				60B9CA9F2E0A888E00CC1409 /* LoginScreen.swift in Sources */,
				60C15A8F2E0AB9740030A6F7 /* AddBankVC.swift in Sources */,
				60B9CAA02E0A888E00CC1409 /* CategoriesCell.swift in Sources */,
				60B9CAA12E0A888E00CC1409 /* SettingCell.swift in Sources */,
				60B9CAA22E0A888E00CC1409 /* ChangePasswordVC.swift in Sources */,
				60B9CAA32E0A888E00CC1409 /* KioskUsersVC.swift in Sources */,
				60B9CAA42E0A888E00CC1409 /* ProfileVC.swift in Sources */,
				60AAE90E2E0BF4E900DE3C07 /* Booking_ReminderVC.swift in Sources */,
				60B9CAA52E0A888E00CC1409 /* AppDelegate.swift in Sources */,
				60B9CAA62E0A888E00CC1409 /* SceneDelegate.swift in Sources */,
			);
			runOnlyForDeploymentPostprocessing = 0;
		};
/* End PBXSourcesBuildPhase section */

/* Begin PBXVariantGroup section */
		60B9CA5C2E0A888E00CC1409 /* Main.storyboard */ = {
			isa = PBXVariantGroup;
			children = (
				60B9CA5B2E0A888E00CC1409 /* Base */,
			);
			name = Main.storyboard;
			sourceTree = "<group>";
		};
		60B9CA712E0A888E00CC1409 /* LaunchScreen.storyboard */ = {
			isa = PBXVariantGroup;
			children = (
				60B9CA702E0A888E00CC1409 /* Base */,
			);
			name = LaunchScreen.storyboard;
			sourceTree = "<group>";
		};
/* End PBXVariantGroup section */

/* Begin XCBuildConfiguration section */
		058364992DEF23DC00C0B42E /* Debug */ = {
			isa = XCBuildConfiguration;
			baseConfigurationReference = 04C47802CBC1E6D1C967396F /* Pods-TheCrazyBeautyPOS.debug.xcconfig */;
			buildSettings = {
				ASSETCATALOG_COMPILER_APPICON_NAME = AppIcon;
				ASSETCATALOG_COMPILER_GLOBAL_ACCENT_COLOR_NAME = AccentColor;
				CLANG_ENABLE_MODULES = YES;
				CODE_SIGN_STYLE = Automatic;
				CURRENT_PROJECT_VERSION = 1;
				DEVELOPMENT_TEAM = RQZ55MYXW3;
				GENERATE_INFOPLIST_FILE = YES;
				INFOPLIST_FILE = TheCrazyBeautyPOS/Info.plist;
				INFOPLIST_KEY_UIApplicationSupportsIndirectInputEvents = YES;
				INFOPLIST_KEY_UILaunchStoryboardName = LaunchScreen;
				INFOPLIST_KEY_UIMainStoryboardFile = Main;
				INFOPLIST_KEY_UISupportedInterfaceOrientations = "UIInterfaceOrientationLandscapeLeft UIInterfaceOrientationLandscapeRight UIInterfaceOrientationPortrait";
				INFOPLIST_KEY_UISupportedInterfaceOrientations_iPad = "UIInterfaceOrientationLandscapeLeft UIInterfaceOrientationLandscapeRight";
				IPHONEOS_DEPLOYMENT_TARGET = 16.6;
				LD_RUNPATH_SEARCH_PATHS = (
					"$(inherited)",
					"@executable_path/Frameworks",
				);
				MARKETING_VERSION = 1.0;
				PRODUCT_BUNDLE_IDENTIFIER = com.iosapp.tcb.pos;
				PRODUCT_NAME = "$(TARGET_NAME)";
				SUPPORTED_PLATFORMS = "iphoneos iphonesimulator";
				SUPPORTS_MACCATALYST = NO;
				SUPPORTS_MAC_DESIGNED_FOR_IPHONE_IPAD = NO;
				SUPPORTS_XR_DESIGNED_FOR_IPHONE_IPAD = NO;
				SWIFT_EMIT_LOC_STRINGS = YES;
				SWIFT_OBJC_BRIDGING_HEADER = "TheCrazyBeautyPOS/Helper/TheCrazyBeautyPOS-Bridging-Header.h";
				SWIFT_OPTIMIZATION_LEVEL = "-Onone";
				SWIFT_VERSION = 5.0;
				TARGETED_DEVICE_FAMILY = 2;
			};
			name = Debug;
		};
		0583649A2DEF23DC00C0B42E /* Release */ = {
			isa = XCBuildConfiguration;
			baseConfigurationReference = 0F4631FD6F97BA318BC3C1B5 /* Pods-TheCrazyBeautyPOS.release.xcconfig */;
			buildSettings = {
				ASSETCATALOG_COMPILER_APPICON_NAME = AppIcon;
				ASSETCATALOG_COMPILER_GLOBAL_ACCENT_COLOR_NAME = AccentColor;
				CLANG_ENABLE_MODULES = YES;
				CODE_SIGN_STYLE = Automatic;
				CURRENT_PROJECT_VERSION = 1;
				DEVELOPMENT_TEAM = RQZ55MYXW3;
				GENERATE_INFOPLIST_FILE = YES;
				INFOPLIST_FILE = TheCrazyBeautyPOS/Info.plist;
				INFOPLIST_KEY_UIApplicationSupportsIndirectInputEvents = YES;
				INFOPLIST_KEY_UILaunchStoryboardName = LaunchScreen;
				INFOPLIST_KEY_UIMainStoryboardFile = Main;
				INFOPLIST_KEY_UISupportedInterfaceOrientations = "UIInterfaceOrientationLandscapeLeft UIInterfaceOrientationLandscapeRight UIInterfaceOrientationPortrait";
				INFOPLIST_KEY_UISupportedInterfaceOrientations_iPad = "UIInterfaceOrientationLandscapeLeft UIInterfaceOrientationLandscapeRight";
				IPHONEOS_DEPLOYMENT_TARGET = 16.6;
				LD_RUNPATH_SEARCH_PATHS = (
					"$(inherited)",
					"@executable_path/Frameworks",
				);
				MARKETING_VERSION = 1.0;
				PRODUCT_BUNDLE_IDENTIFIER = com.iosapp.tcb.pos;
				PRODUCT_NAME = "$(TARGET_NAME)";
				SUPPORTED_PLATFORMS = "iphoneos iphonesimulator";
				SUPPORTS_MACCATALYST = NO;
				SUPPORTS_MAC_DESIGNED_FOR_IPHONE_IPAD = NO;
				SUPPORTS_XR_DESIGNED_FOR_IPHONE_IPAD = NO;
				SWIFT_EMIT_LOC_STRINGS = YES;
				SWIFT_OBJC_BRIDGING_HEADER = "TheCrazyBeautyPOS/Helper/TheCrazyBeautyPOS-Bridging-Header.h";
				SWIFT_VERSION = 5.0;
				TARGETED_DEVICE_FAMILY = 2;
			};
			name = Release;
		};
		0583649B2DEF23DC00C0B42E /* Debug */ = {
			isa = XCBuildConfiguration;
			buildSettings = {
				ALWAYS_SEARCH_USER_PATHS = NO;
				ASSETCATALOG_COMPILER_GENERATE_SWIFT_ASSET_SYMBOL_EXTENSIONS = YES;
				CLANG_ANALYZER_NONNULL = YES;
				CLANG_ANALYZER_NUMBER_OBJECT_CONVERSION = YES_AGGRESSIVE;
				CLANG_CXX_LANGUAGE_STANDARD = "gnu++20";
				CLANG_ENABLE_MODULES = YES;
				CLANG_ENABLE_OBJC_ARC = YES;
				CLANG_ENABLE_OBJC_WEAK = YES;
				CLANG_WARN_BLOCK_CAPTURE_AUTORELEASING = YES;
				CLANG_WARN_BOOL_CONVERSION = YES;
				CLANG_WARN_COMMA = YES;
				CLANG_WARN_CONSTANT_CONVERSION = YES;
				CLANG_WARN_DEPRECATED_OBJC_IMPLEMENTATIONS = YES;
				CLANG_WARN_DIRECT_OBJC_ISA_USAGE = YES_ERROR;
				CLANG_WARN_DOCUMENTATION_COMMENTS = YES;
				CLANG_WARN_EMPTY_BODY = YES;
				CLANG_WARN_ENUM_CONVERSION = YES;
				CLANG_WARN_INFINITE_RECURSION = YES;
				CLANG_WARN_INT_CONVERSION = YES;
				CLANG_WARN_NON_LITERAL_NULL_CONVERSION = YES;
				CLANG_WARN_OBJC_IMPLICIT_RETAIN_SELF = YES;
				CLANG_WARN_OBJC_LITERAL_CONVERSION = YES;
				CLANG_WARN_OBJC_ROOT_CLASS = YES_ERROR;
				CLANG_WARN_QUOTED_INCLUDE_IN_FRAMEWORK_HEADER = YES;
				CLANG_WARN_RANGE_LOOP_ANALYSIS = YES;
				CLANG_WARN_STRICT_PROTOTYPES = YES;
				CLANG_WARN_SUSPICIOUS_MOVE = YES;
				CLANG_WARN_UNGUARDED_AVAILABILITY = YES_AGGRESSIVE;
				CLANG_WARN_UNREACHABLE_CODE = YES;
				CLANG_WARN__DUPLICATE_METHOD_MATCH = YES;
				COPY_PHASE_STRIP = NO;
				DEBUG_INFORMATION_FORMAT = dwarf;
				ENABLE_STRICT_OBJC_MSGSEND = YES;
				ENABLE_TESTABILITY = YES;
				ENABLE_USER_SCRIPT_SANDBOXING = YES;
				GCC_C_LANGUAGE_STANDARD = gnu17;
				GCC_DYNAMIC_NO_PIC = NO;
				GCC_NO_COMMON_BLOCKS = YES;
				GCC_OPTIMIZATION_LEVEL = 0;
				GCC_PREPROCESSOR_DEFINITIONS = (
					"DEBUG=1",
					"$(inherited)",
				);
				GCC_WARN_64_TO_32_BIT_CONVERSION = YES;
				GCC_WARN_ABOUT_RETURN_TYPE = YES_ERROR;
				GCC_WARN_UNDECLARED_SELECTOR = YES;
				GCC_WARN_UNINITIALIZED_AUTOS = YES_AGGRESSIVE;
				GCC_WARN_UNUSED_FUNCTION = YES;
				GCC_WARN_UNUSED_VARIABLE = YES;
				IPHONEOS_DEPLOYMENT_TARGET = 16.6;
				LOCALIZATION_PREFERS_STRING_CATALOGS = YES;
				MTL_ENABLE_DEBUG_INFO = INCLUDE_SOURCE;
				MTL_FAST_MATH = YES;
				ONLY_ACTIVE_ARCH = YES;
				SDKROOT = iphoneos;
				SWIFT_ACTIVE_COMPILATION_CONDITIONS = "DEBUG $(inherited)";
				SWIFT_OPTIMIZATION_LEVEL = "-Onone";
			};
			name = Debug;
		};
		0583649C2DEF23DC00C0B42E /* Release */ = {
			isa = XCBuildConfiguration;
			buildSettings = {
				ALWAYS_SEARCH_USER_PATHS = NO;
				ASSETCATALOG_COMPILER_GENERATE_SWIFT_ASSET_SYMBOL_EXTENSIONS = YES;
				CLANG_ANALYZER_NONNULL = YES;
				CLANG_ANALYZER_NUMBER_OBJECT_CONVERSION = YES_AGGRESSIVE;
				CLANG_CXX_LANGUAGE_STANDARD = "gnu++20";
				CLANG_ENABLE_MODULES = YES;
				CLANG_ENABLE_OBJC_ARC = YES;
				CLANG_ENABLE_OBJC_WEAK = YES;
				CLANG_WARN_BLOCK_CAPTURE_AUTORELEASING = YES;
				CLANG_WARN_BOOL_CONVERSION = YES;
				CLANG_WARN_COMMA = YES;
				CLANG_WARN_CONSTANT_CONVERSION = YES;
				CLANG_WARN_DEPRECATED_OBJC_IMPLEMENTATIONS = YES;
				CLANG_WARN_DIRECT_OBJC_ISA_USAGE = YES_ERROR;
				CLANG_WARN_DOCUMENTATION_COMMENTS = YES;
				CLANG_WARN_EMPTY_BODY = YES;
				CLANG_WARN_ENUM_CONVERSION = YES;
				CLANG_WARN_INFINITE_RECURSION = YES;
				CLANG_WARN_INT_CONVERSION = YES;
				CLANG_WARN_NON_LITERAL_NULL_CONVERSION = YES;
				CLANG_WARN_OBJC_IMPLICIT_RETAIN_SELF = YES;
				CLANG_WARN_OBJC_LITERAL_CONVERSION = YES;
				CLANG_WARN_OBJC_ROOT_CLASS = YES_ERROR;
				CLANG_WARN_QUOTED_INCLUDE_IN_FRAMEWORK_HEADER = YES;
				CLANG_WARN_RANGE_LOOP_ANALYSIS = YES;
				CLANG_WARN_STRICT_PROTOTYPES = YES;
				CLANG_WARN_SUSPICIOUS_MOVE = YES;
				CLANG_WARN_UNGUARDED_AVAILABILITY = YES_AGGRESSIVE;
				CLANG_WARN_UNREACHABLE_CODE = YES;
				CLANG_WARN__DUPLICATE_METHOD_MATCH = YES;
				COPY_PHASE_STRIP = NO;
				DEBUG_INFORMATION_FORMAT = "dwarf-with-dsym";
				ENABLE_NS_ASSERTIONS = NO;
				ENABLE_STRICT_OBJC_MSGSEND = YES;
				ENABLE_USER_SCRIPT_SANDBOXING = YES;
				GCC_C_LANGUAGE_STANDARD = gnu17;
				GCC_NO_COMMON_BLOCKS = YES;
				GCC_WARN_64_TO_32_BIT_CONVERSION = YES;
				GCC_WARN_ABOUT_RETURN_TYPE = YES_ERROR;
				GCC_WARN_UNDECLARED_SELECTOR = YES;
				GCC_WARN_UNINITIALIZED_AUTOS = YES_AGGRESSIVE;
				GCC_WARN_UNUSED_FUNCTION = YES;
				GCC_WARN_UNUSED_VARIABLE = YES;
				IPHONEOS_DEPLOYMENT_TARGET = 16.6;
				LOCALIZATION_PREFERS_STRING_CATALOGS = YES;
				MTL_ENABLE_DEBUG_INFO = NO;
				MTL_FAST_MATH = YES;
				SDKROOT = iphoneos;
				SWIFT_COMPILATION_MODE = wholemodule;
				VALIDATE_PRODUCT = YES;
			};
			name = Release;
		};
/* End XCBuildConfiguration section */

/* Begin XCConfigurationList section */
		058364802DEF23DA00C0B42E /* Build configuration list for PBXProject "TheCrazyBeautyPOS" */ = {
			isa = XCConfigurationList;
			buildConfigurations = (
				0583649B2DEF23DC00C0B42E /* Debug */,
				0583649C2DEF23DC00C0B42E /* Release */,
			);
			defaultConfigurationIsVisible = 0;
			defaultConfigurationName = Release;
		};
		058364982DEF23DC00C0B42E /* Build configuration list for PBXNativeTarget "TheCrazyBeautyPOS" */ = {
			isa = XCConfigurationList;
			buildConfigurations = (
				058364992DEF23DC00C0B42E /* Debug */,
				0583649A2DEF23DC00C0B42E /* Release */,
			);
			defaultConfigurationIsVisible = 0;
			defaultConfigurationName = Release;
		};
/* End XCConfigurationList section */
	};
	rootObject = 0583647D2DEF23DA00C0B42E /* Project object */;
}
